
Microsoft Visual Studio Solution File, Format Version 12.00
# Visual Studio 14
VisualStudioVersion = 14.0.23107.0
MinimumVisualStudioVersion = 10.0.40219.1
Project("{FAE04EC0-301F-11D3-BF4B-00C04F79EFBC}") = "EvaluatorRunnable", "EvaluatorRunnable\EvaluatorRunnable.csproj", "{1323D3FB-7A25-4F7D-BF9A-2940C0FB27EC}"
EndProject
Project("{FAE04EC0-301F-11D3-BF4B-00C04F79EFBC}") = "FormulaEvaluator", "ClassLibrary1\FormulaEvaluator.csproj", "{DDB8CD37-D3D1-4E66-B950-E58C7AF28E36}"
EndProject
Global
	GlobalSection(SolutionConfigurationPlatforms) = preSolution
		Debug|Any CPU = Debug|Any CPU
		Release|Any CPU = Release|Any CPU
	EndGlobalSection
	GlobalSection(ProjectConfigurationPlatforms) = postSolution
		{1323D3FB-7A25-4F7D-BF9A-2940C0FB27EC}.Debug|Any CPU.ActiveCfg = Debug|Any CPU
		{1323D3FB-7A25-4F7D-BF9A-2940C0FB27EC}.Debug|Any CPU.Build.0 = Debug|Any CPU
		{1323D3FB-7A25-4F7D-BF9A-2940C0FB27EC}.Release|Any CPU.ActiveCfg = Release|Any CPU
		{1323D3FB-7A25-4F7D-BF9A-2940C0FB27EC}.Release|Any CPU.Build.0 = Release|Any CPU
		{DDB8CD37-D3D1-4E66-B950-E58C7AF28E36}.Debug|Any CPU.ActiveCfg = Debug|Any CPU
		{DDB8CD37-D3D1-4E66-B950-E58C7AF28E36}.Debug|Any CPU.Build.0 = Debug|Any CPU
		{DDB8CD37-D3D1-4E66-B950-E58C7AF28E36}.Release|Any CPU.ActiveCfg = Release|Any CPU
		{DDB8CD37-D3D1-4E66-B950-E58C7AF28E36}.Release|Any CPU.Build.0 = Release|Any CPU
	EndGlobalSection
	GlobalSection(SolutionProperties) = preSolution
		HideSolutionNode = FALSE
	EndGlobalSection
EndGlobal
