
Microsoft Visual Studio Solution File, Format Version 12.00
# Visual Studio 14
VisualStudioVersion = 14.0.23107.0
MinimumVisualStudioVersion = 10.0.40219.1
Project("{2150E333-8FDC-42A3-9474-1A3956D46DE8}") = "src", "src", "{130ABA16-DE1C-4079-9D77-8EE171E50999}"
EndProject
Project("{2150E333-8FDC-42A3-9474-1A3956D46DE8}") = "Solution Items", "Solution Items", "{BCD97EED-4DF7-4438-BEFC-266A965D369A}"
	ProjectSection(SolutionItems) = preProject
		global.json = global.json
	EndProjectSection
EndProject
Project("{8BB2217D-0F2D-49D1-97BC-3654ED321F3B}") = "FormulaEvaluator", "src\FormulaEvaluator\FormulaEvaluator.xproj", "{F886B32E-9008-4A82-A477-9D801AC58107}"
EndProject
Global
	GlobalSection(SolutionConfigurationPlatforms) = preSolution
		Debug|Any CPU = Debug|Any CPU
		Release|Any CPU = Release|Any CPU
	EndGlobalSection
	GlobalSection(ProjectConfigurationPlatforms) = postSolution
		{F886B32E-9008-4A82-A477-9D801AC58107}.Debug|Any CPU.ActiveCfg = Debug|Any CPU
		{F886B32E-9008-4A82-A477-9D801AC58107}.Debug|Any CPU.Build.0 = Debug|Any CPU
		{F886B32E-9008-4A82-A477-9D801AC58107}.Release|Any CPU.ActiveCfg = Release|Any CPU
		{F886B32E-9008-4A82-A477-9D801AC58107}.Release|Any CPU.Build.0 = Release|Any CPU
	EndGlobalSection
	GlobalSection(SolutionProperties) = preSolution
		HideSolutionNode = FALSE
	EndGlobalSection
	GlobalSection(NestedProjects) = preSolution
		{F886B32E-9008-4A82-A477-9D801AC58107} = {130ABA16-DE1C-4079-9D77-8EE171E50999}
	EndGlobalSection
EndGlobal
