
Microsoft Visual Studio Solution File, Format Version 12.00
# Visual Studio 14
VisualStudioVersion = 14.0.23107.0
MinimumVisualStudioVersion = 10.0.40219.1
Project("{FAE04EC0-301F-11D3-BF4B-00C04F79EFBC}") = "SpreadsheetUtilities", "SpreadsheetUtilities\SpreadsheetUtilities.csproj", "{106126B5-6C6C-4F6B-9831-F5293D1F4760}"
EndProject
Project("{FAE04EC0-301F-11D3-BF4B-00C04F79EFBC}") = "SpreadsheetUtilitiesTests", "SpreadsheetUtilitiesTests\SpreadsheetUtilitiesTests.csproj", "{E4EBE8ED-6E5B-4442-B892-616880A5ADB6}"
EndProject
Global
	GlobalSection(SolutionConfigurationPlatforms) = preSolution
		Debug|Any CPU = Debug|Any CPU
		Release|Any CPU = Release|Any CPU
	EndGlobalSection
	GlobalSection(ProjectConfigurationPlatforms) = postSolution
		{106126B5-6C6C-4F6B-9831-F5293D1F4760}.Debug|Any CPU.ActiveCfg = Debug|Any CPU
		{106126B5-6C6C-4F6B-9831-F5293D1F4760}.Debug|Any CPU.Build.0 = Debug|Any CPU
		{106126B5-6C6C-4F6B-9831-F5293D1F4760}.Release|Any CPU.ActiveCfg = Release|Any CPU
		{106126B5-6C6C-4F6B-9831-F5293D1F4760}.Release|Any CPU.Build.0 = Release|Any CPU
		{E4EBE8ED-6E5B-4442-B892-616880A5ADB6}.Debug|Any CPU.ActiveCfg = Debug|Any CPU
		{E4EBE8ED-6E5B-4442-B892-616880A5ADB6}.Debug|Any CPU.Build.0 = Debug|Any CPU
		{E4EBE8ED-6E5B-4442-B892-616880A5ADB6}.Release|Any CPU.ActiveCfg = Release|Any CPU
		{E4EBE8ED-6E5B-4442-B892-616880A5ADB6}.Release|Any CPU.Build.0 = Release|Any CPU
	EndGlobalSection
	GlobalSection(SolutionProperties) = preSolution
		HideSolutionNode = FALSE
	EndGlobalSection
EndGlobal
