
Microsoft Visual Studio Solution File, Format Version 12.00
# Visual Studio 14
VisualStudioVersion = 14.0.23107.0
MinimumVisualStudioVersion = 10.0.40219.1
Project("{FAE04EC0-301F-11D3-BF4B-00C04F79EFBC}") = "Spreadsheet", "Spreadsheet\Spreadsheet.csproj", "{3796F755-1E02-468C-811B-9D01F0C20058}"
EndProject
Project("{FAE04EC0-301F-11D3-BF4B-00C04F79EFBC}") = "Resources", "Resources\Resources.csproj", "{EB49A7BE-1E1B-4B7D-81E8-D1079298C4F8}"
EndProject
Project("{FAE04EC0-301F-11D3-BF4B-00C04F79EFBC}") = "SpreadsheetTests", "SpreadsheetTests\SpreadsheetTests.csproj", "{F9FA5E2B-C7A5-4FDA-B89A-51DC20707DDB}"
EndProject
Global
	GlobalSection(SolutionConfigurationPlatforms) = preSolution
		Debug|Any CPU = Debug|Any CPU
		Release|Any CPU = Release|Any CPU
	EndGlobalSection
	GlobalSection(ProjectConfigurationPlatforms) = postSolution
		{3796F755-1E02-468C-811B-9D01F0C20058}.Debug|Any CPU.ActiveCfg = Debug|Any CPU
		{3796F755-1E02-468C-811B-9D01F0C20058}.Debug|Any CPU.Build.0 = Debug|Any CPU
		{3796F755-1E02-468C-811B-9D01F0C20058}.Release|Any CPU.ActiveCfg = Release|Any CPU
		{3796F755-1E02-468C-811B-9D01F0C20058}.Release|Any CPU.Build.0 = Release|Any CPU
		{EB49A7BE-1E1B-4B7D-81E8-D1079298C4F8}.Debug|Any CPU.ActiveCfg = Debug|Any CPU
		{EB49A7BE-1E1B-4B7D-81E8-D1079298C4F8}.Release|Any CPU.ActiveCfg = Release|Any CPU
		{EB49A7BE-1E1B-4B7D-81E8-D1079298C4F8}.Release|Any CPU.Build.0 = Release|Any CPU
		{F9FA5E2B-C7A5-4FDA-B89A-51DC20707DDB}.Debug|Any CPU.ActiveCfg = Debug|Any CPU
		{F9FA5E2B-C7A5-4FDA-B89A-51DC20707DDB}.Debug|Any CPU.Build.0 = Debug|Any CPU
		{F9FA5E2B-C7A5-4FDA-B89A-51DC20707DDB}.Release|Any CPU.ActiveCfg = Release|Any CPU
		{F9FA5E2B-C7A5-4FDA-B89A-51DC20707DDB}.Release|Any CPU.Build.0 = Release|Any CPU
	EndGlobalSection
	GlobalSection(SolutionProperties) = preSolution
		HideSolutionNode = FALSE
	EndGlobalSection
EndGlobal
